{
  "name": "glsl-optimize",
  "version": "1.0.0",
  "lockfileVersion": 3,
  "requires": true,
  "packages": {
    "": {
      "name": "glsl-optimize",
      "version": "1.0.0",
      "dependencies": {
        "glsl-man": "1.1.14"
      }
    },
    "node_modules/async": {
      "version": "1.5.2",
      "resolved": "https://registry.npmjs.org/async/-/async-1.5.2.tgz",
      "integrity": "sha512-nSVgobk4rv61R9PUSDtYt7mPVB2olxNR5RWJcAsH676/ef11bUZwvu7+RGYrYauVdDPcO519v68wRhXQtxsV9w==",
      "license": "MIT"
    },
    "node_modules/cssauron": {
      "version": "1.4.0",
      "resolved": "https://registry.npmjs.org/cssauron/-/cssauron-1.4.0.tgz",
      "integrity": "sha512-Ht70DcFBh+/ekjVrYS2PlDMdSQEl3OFNmjK6lcn49HptBgilXf/Zwg4uFh9Xn0pX3Q8YOkSjIFOfK2osvdqpBw==",
      "license": "MIT",
      "dependencies": {
        "through": "X.X.X"
      }
    },
    "node_modules/glsl-man": {
      "version": "1.1.14",
      "resolved": "https://registry.npmjs.org/glsl-man/-/glsl-man-1.1.14.tgz",
      "integrity": "sha512-yM/+5DCpHGIDO+qtMTDp2PLgl+g+4WbqmJlA4baCRkNwuOZbpNDyBaS1gfGaJIV/BrMKDuFBr6niOeRHV1iAeg==",
      "license": "MIT",
      "dependencies": {
        "cssauron": "^1.4.0",
        "tree-traversal": "^1.1.1"
      }
    },
    "node_modules/through": {
      "version": "2.3.8",
      "resolved": "https://registry.npmjs.org/through/-/through-2.3.8.tgz",
      "integrity": "sha512-w89qg7PI8wAdvX60bMDP+bFoD5Dvhm9oLheFp5O4a2QF0cSBGsBX4qZmadPMvVqlLJBBci+WqGGOAPvcDeNSVg==",
      "license": "MIT"
    },
    "node_modules/tree-traversal": {
      "version": "1.1.2",
      "resolved": "https://registry.npmjs.org/tree-traversal/-/tree-traversal-1.1.2.tgz",
      "integrity": "sha512-YRib+FkzjZjdPzUU5rVswQ/XV56lm2hFfZy2kLH1spdrwkfpJfHf/KNUJxH2K1uHUEOo+1Jrjry1NlhypHcIzQ==",
      "license": "MIT",
      "dependencies": {
        "async": "^1.4.2"
      }
    }
  }
}